// !$*UTF8*$!
{
	archiveVersion = 1;
	classes = {
	};
	objectVersion = 77;
	objects = {

/* Begin PBXBuildFile section */
		94E7BB7F2D2A851A0056C38E /* Notes Watch App.app in Embed Watch Content */ = {isa = PBXBuildFile; fileRef = 94E7BB7E2D2A851A0056C38E /* Notes Watch App.app */; settings = {ATTRIBUTES = (RemoveHeadersOnCopy, ); }; };
/* End PBXBuildFile section */

/* Begin PBXContainerItemProxy section */
		94E7BB802D2A851A0056C38E /* PBXContainerItemProxy */ = {
			isa = PBXContainerItemProxy;
			containerPortal = 94E7BB722D2A851A0056C38E /* Project object */;
			proxyType = 1;
			remoteGlobalIDString = 94E7BB7D2D2A851A0056C38E;
			remoteInfo = "Notes Watch App";
		};
		94E7BB912D2A851B0056C38E /* PBXContainerItemProxy */ = {
			isa = PBXContainerItemProxy;
			containerPortal = 94E7BB722D2A851A0056C38E /* Project object */;
			proxyType = 1;
			remoteGlobalIDString = 94E7BB7D2D2A851A0056C38E;
			remoteInfo = "Notes Watch App";
		};
		94E7BB9B2D2A851B0056C38E /* PBXContainerItemProxy */ = {
			isa = PBXContainerItemProxy;
			containerPortal = 94E7BB722D2A851A0056C38E /* Project object */;
			proxyType = 1;
			remoteGlobalIDString = 94E7BB7D2D2A851A0056C38E;
			remoteInfo = "Notes Watch App";
		};
/* End PBXContainerItemProxy section */

/* Begin PBXCopyFilesBuildPhase section */
		94E7BBA72D2A851B0056C38E /* Embed Watch Content */ = {
			isa = PBXCopyFilesBuildPhase;
			buildActionMask = 2147483647;
			dstPath = "$(CONTENTS_FOLDER_PATH)/Watch";
			dstSubfolderSpec = 16;
			files = (
				94E7BB7F2D2A851A0056C38E /* Notes Watch App.app in Embed Watch Content */,
			);
			name = "Embed Watch Content";
			runOnlyForDeploymentPostprocessing = 0;
		};
/* End PBXCopyFilesBuildPhase section */

/* Begin PBXFileReference section */
		94E7BB782D2A851A0056C38E /* Notes.app */ = {isa = PBXFileReference; explicitFileType = wrapper.application; includeInIndex = 0; path = Notes.app; sourceTree = BUILT_PRODUCTS_DIR; };
		94E7BB7E2D2A851A0056C38E /* Notes Watch App.app */ = {isa = PBXFileReference; explicitFileType = wrapper.application; includeInIndex = 0; path = "Notes Watch App.app"; sourceTree = BUILT_PRODUCTS_DIR; };
		94E7BB902D2A851B0056C38E /* Notes Watch AppTests.xctest */ = {isa = PBXFileReference; explicitFileType = wrapper.cfbundle; includeInIndex = 0; path = "Notes Watch AppTests.xctest"; sourceTree = BUILT_PRODUCTS_DIR; };
		94E7BB9A2D2A851B0056C38E /* Notes Watch AppUITests.xctest */ = {isa = PBXFileReference; explicitFileType = wrapper.cfbundle; includeInIndex = 0; path = "Notes Watch AppUITests.xctest"; sourceTree = BUILT_PRODUCTS_DIR; };
/* End PBXFileReference section */

/* Begin PBXFileSystemSynchronizedRootGroup section */
		94E7BB822D2A851A0056C38E /* Notes Watch App */ = {
			isa = PBXFileSystemSynchronizedRootGroup;
			path = "Notes Watch App";
			sourceTree = "<group>";
		};
		94E7BB932D2A851B0056C38E /* Notes Watch AppTests */ = {
			isa = PBXFileSystemSynchronizedRootGroup;
			path = "Notes Watch AppTests";
			sourceTree = "<group>";
		};
		94E7BB9D2D2A851B0056C38E /* Notes Watch AppUITests */ = {
			isa = PBXFileSystemSynchronizedRootGroup;
			path = "Notes Watch AppUITests";
			sourceTree = "<group>";
		};
/* End PBXFileSystemSynchronizedRootGroup section */

/* Begin PBXFrameworksBuildPhase section */
		94E7BB7B2D2A851A0056C38E /* Frameworks */ = {
			isa = PBXFrameworksBuildPhase;
			buildActionMask = 2147483647;
			files = (
			);
			runOnlyForDeploymentPostprocessing = 0;
		};
		94E7BB8D2D2A851B0056C38E /* Frameworks */ = {
			isa = PBXFrameworksBuildPhase;
			buildActionMask = 2147483647;
			files = (
			);
			runOnlyForDeploymentPostprocessing = 0;
		};
		94E7BB972D2A851B0056C38E /* Frameworks */ = {
			isa = PBXFrameworksBuildPhase;
			buildActionMask = 2147483647;
			files = (
			);
			runOnlyForDeploymentPostprocessing = 0;
		};
/* End PBXFrameworksBuildPhase section */

/* Begin PBXGroup section */
		94E7BB712D2A851A0056C38E = {
			isa = PBXGroup;
			children = (
				94E7BB822D2A851A0056C38E /* Notes Watch App */,
				94E7BB932D2A851B0056C38E /* Notes Watch AppTests */,
				94E7BB9D2D2A851B0056C38E /* Notes Watch AppUITests */,
				94E7BB792D2A851A0056C38E /* Products */,
			);
			sourceTree = "<group>";
		};
		94E7BB792D2A851A0056C38E /* Products */ = {
			isa = PBXGroup;
			children = (
				94E7BB782D2A851A0056C38E /* Notes.app */,
				94E7BB7E2D2A851A0056C38E /* Notes Watch App.app */,
				94E7BB902D2A851B0056C38E /* Notes Watch AppTests.xctest */,
				94E7BB9A2D2A851B0056C38E /* Notes Watch AppUITests.xctest */,
			);
			name = Products;
			sourceTree = "<group>";
		};
/* End PBXGroup section */

/* Begin PBXNativeTarget section */
		94E7BB772D2A851A0056C38E /* Notes */ = {
			isa = PBXNativeTarget;
			buildConfigurationList = 94E7BBA82D2A851B0056C38E /* Build configuration list for PBXNativeTarget "Notes" */;
			buildPhases = (
				94E7BB762D2A851A0056C38E /* Resources */,
				94E7BBA72D2A851B0056C38E /* Embed Watch Content */,
			);
			buildRules = (
			);
			dependencies = (
				94E7BB812D2A851A0056C38E /* PBXTargetDependency */,
			);
			name = Notes;
			packageProductDependencies = (
			);
			productName = Notes;
			productReference = 94E7BB782D2A851A0056C38E /* Notes.app */;
			productType = "com.apple.product-type.application.watchapp2-container";
		};
		94E7BB7D2D2A851A0056C38E /* Notes Watch App */ = {
			isa = PBXNativeTarget;
			buildConfigurationList = 94E7BBA42D2A851B0056C38E /* Build configuration list for PBXNativeTarget "Notes Watch App" */;
			buildPhases = (
				94E7BB7A2D2A851A0056C38E /* Sources */,
				94E7BB7B2D2A851A0056C38E /* Frameworks */,
				94E7BB7C2D2A851A0056C38E /* Resources */,
			);
			buildRules = (
			);
			dependencies = (
			);
			fileSystemSynchronizedGroups = (
				94E7BB822D2A851A0056C38E /* Notes Watch App */,
			);
			name = "Notes Watch App";
			packageProductDependencies = (
			);
			productName = "Notes Watch App";
			productReference = 94E7BB7E2D2A851A0056C38E /* Notes Watch App.app */;
			productType = "com.apple.product-type.application";
		};
		94E7BB8F2D2A851B0056C38E /* Notes Watch AppTests */ = {
			isa = PBXNativeTarget;
			buildConfigurationList = 94E7BBAB2D2A851B0056C38E /* Build configuration list for PBXNativeTarget "Notes Watch AppTests" */;
			buildPhases = (
				94E7BB8C2D2A851B0056C38E /* Sources */,
				94E7BB8D2D2A851B0056C38E /* Frameworks */,
				94E7BB8E2D2A851B0056C38E /* Resources */,
			);
			buildRules = (
			);
			dependencies = (
				94E7BB922D2A851B0056C38E /* PBXTargetDependency */,
			);
			fileSystemSynchronizedGroups = (
				94E7BB932D2A851B0056C38E /* Notes Watch AppTests */,
			);
			name = "Notes Watch AppTests";
			packageProductDependencies = (
			);
			productName = "Notes Watch AppTests";
			productReference = 94E7BB902D2A851B0056C38E /* Notes Watch AppTests.xctest */;
			productType = "com.apple.product-type.bundle.unit-test";
		};
		94E7BB992D2A851B0056C38E /* Notes Watch AppUITests */ = {
			isa = PBXNativeTarget;
			buildConfigurationList = 94E7BBAE2D2A851B0056C38E /* Build configuration list for PBXNativeTarget "Notes Watch AppUITests" */;
			buildPhases = (
				94E7BB962D2A851B0056C38E /* Sources */,
				94E7BB972D2A851B0056C38E /* Frameworks */,
				94E7BB982D2A851B0056C38E /* Resources */,
			);
			buildRules = (
			);
			dependencies = (
				94E7BB9C2D2A851B0056C38E /* PBXTargetDependency */,
			);
			fileSystemSynchronizedGroups = (
				94E7BB9D2D2A851B0056C38E /* Notes Watch AppUITests */,
			);
			name = "Notes Watch AppUITests";
			packageProductDependencies = (
			);
			productName = "Notes Watch AppUITests";
			productReference = 94E7BB9A2D2A851B0056C38E /* Notes Watch AppUITests.xctest */;
			productType = "com.apple.product-type.bundle.ui-testing";
		};
/* End PBXNativeTarget section */

/* Begin PBXProject section */
		94E7BB722D2A851A0056C38E /* Project object */ = {
			isa = PBXProject;
			attributes = {
				BuildIndependentTargetsInParallel = 1;
				LastSwiftUpdateCheck = 1620;
				LastUpgradeCheck = 1620;
				TargetAttributes = {
					94E7BB772D2A851A0056C38E = {
						CreatedOnToolsVersion = 16.2;
					};
					94E7BB7D2D2A851A0056C38E = {
						CreatedOnToolsVersion = 16.2;
					};
					94E7BB8F2D2A851B0056C38E = {
						CreatedOnToolsVersion = 16.2;
						TestTargetID = 94E7BB7D2D2A851A0056C38E;
					};
					94E7BB992D2A851B0056C38E = {
						CreatedOnToolsVersion = 16.2;
						TestTargetID = 94E7BB7D2D2A851A0056C38E;
					};
				};
			};
			buildConfigurationList = 94E7BB752D2A851A0056C38E /* Build configuration list for PBXProject "Notes" */;
			developmentRegion = en;
			hasScannedForEncodings = 0;
			knownRegions = (
				en,
				Base,
			);
			mainGroup = 94E7BB712D2A851A0056C38E;
			minimizedProjectReferenceProxies = 1;
			preferredProjectObjectVersion = 77;
			productRefGroup = 94E7BB792D2A851A0056C38E /* Products */;
			projectDirPath = "";
			projectRoot = "";
			targets = (
				94E7BB772D2A851A0056C38E /* Notes */,
				94E7BB7D2D2A851A0056C38E /* Notes Watch App */,
				94E7BB8F2D2A851B0056C38E /* Notes Watch AppTests */,
				94E7BB992D2A851B0056C38E /* Notes Watch AppUITests */,
			);
		};
/* End PBXProject section */

/* Begin PBXResourcesBuildPhase section */
		94E7BB762D2A851A0056C38E /* Resources */ = {
			isa = PBXResourcesBuildPhase;
			buildActionMask = 2147483647;
			files = (
			);
			runOnlyForDeploymentPostprocessing = 0;
		};
		94E7BB7C2D2A851A0056C38E /* Resources */ = {
			isa = PBXResourcesBuildPhase;
			buildActionMask = 2147483647;
			files = (
			);
			runOnlyForDeploymentPostprocessing = 0;
		};
		94E7BB8E2D2A851B0056C38E /* Resources */ = {
			isa = PBXResourcesBuildPhase;
			buildActionMask = 2147483647;
			files = (
			);
			runOnlyForDeploymentPostprocessing = 0;
		};
		94E7BB982D2A851B0056C38E /* Resources */ = {
			isa = PBXResourcesBuildPhase;
			buildActionMask = 2147483647;
			files = (
			);
			runOnlyForDeploymentPostprocessing = 0;
		};
/* End PBXResourcesBuildPhase section */

/* Begin PBXSourcesBuildPhase section */
		94E7BB7A2D2A851A0056C38E /* Sources */ = {
			isa = PBXSourcesBuildPhase;
			buildActionMask = 2147483647;
			files = (
			);
			runOnlyForDeploymentPostprocessing = 0;
		};
		94E7BB8C2D2A851B0056C38E /* Sources */ = {
			isa = PBXSourcesBuildPhase;
			buildActionMask = 2147483647;
			files = (
			);
			runOnlyForDeploymentPostprocessing = 0;
		};
		94E7BB962D2A851B0056C38E /* Sources */ = {
			isa = PBXSourcesBuildPhase;
			buildActionMask = 2147483647;
			files = (
			);
			runOnlyForDeploymentPostprocessing = 0;
		};
/* End PBXSourcesBuildPhase section */

/* Begin PBXTargetDependency section */
		94E7BB812D2A851A0056C38E /* PBXTargetDependency */ = {
			isa = PBXTargetDependency;
			target = 94E7BB7D2D2A851A0056C38E /* Notes Watch App */;
			targetProxy = 94E7BB802D2A851A0056C38E /* PBXContainerItemProxy */;
		};
		94E7BB922D2A851B0056C38E /* PBXTargetDependency */ = {
			isa = PBXTargetDependency;
			target = 94E7BB7D2D2A851A0056C38E /* Notes Watch App */;
			targetProxy = 94E7BB912D2A851B0056C38E /* PBXContainerItemProxy */;
		};
		94E7BB9C2D2A851B0056C38E /* PBXTargetDependency */ = {
			isa = PBXTargetDependency;
			target = 94E7BB7D2D2A851A0056C38E /* Notes Watch App */;
			targetProxy = 94E7BB9B2D2A851B0056C38E /* PBXContainerItemProxy */;
		};
/* End PBXTargetDependency section */

/* Begin XCBuildConfiguration section */
		94E7BBA22D2A851B0056C38E /* Debug */ = {
			isa = XCBuildConfiguration;
			buildSettings = {
				ALWAYS_SEARCH_USER_PATHS = NO;
				ASSETCATALOG_COMPILER_GENERATE_SWIFT_ASSET_SYMBOL_EXTENSIONS = YES;
				CLANG_ANALYZER_NONNULL = YES;
				CLANG_ANALYZER_NUMBER_OBJECT_CONVERSION = YES_AGGRESSIVE;
				CLANG_CXX_LANGUAGE_STANDARD = "gnu++20";
				CLANG_ENABLE_MODULES = YES;
				CLANG_ENABLE_OBJC_ARC = YES;
				CLANG_ENABLE_OBJC_WEAK = YES;
				CLANG_WARN_BLOCK_CAPTURE_AUTORELEASING = YES;
				CLANG_WARN_BOOL_CONVERSION = YES;
				CLANG_WARN_COMMA = YES;
				CLANG_WARN_CONSTANT_CONVERSION = YES;
				CLANG_WARN_DEPRECATED_OBJC_IMPLEMENTATIONS = YES;
				CLANG_WARN_DIRECT_OBJC_ISA_USAGE = YES_ERROR;
				CLANG_WARN_DOCUMENTATION_COMMENTS = YES;
				CLANG_WARN_EMPTY_BODY = YES;
				CLANG_WARN_ENUM_CONVERSION = YES;
				CLANG_WARN_INFINITE_RECURSION = YES;
				CLANG_WARN_INT_CONVERSION = YES;
				CLANG_WARN_NON_LITERAL_NULL_CONVERSION = YES;
				CLANG_WARN_OBJC_IMPLICIT_RETAIN_SELF = YES;
				CLANG_WARN_OBJC_LITERAL_CONVERSION = YES;
				CLANG_WARN_OBJC_ROOT_CLASS = YES_ERROR;
				CLANG_WARN_QUOTED_INCLUDE_IN_FRAMEWORK_HEADER = YES;
				CLANG_WARN_RANGE_LOOP_ANALYSIS = YES;
				CLANG_WARN_STRICT_PROTOTYPES = YES;
				CLANG_WARN_SUSPICIOUS_MOVE = YES;
				CLANG_WARN_UNGUARDED_AVAILABILITY = YES_AGGRESSIVE;
				CLANG_WARN_UNREACHABLE_CODE = YES;
				CLANG_WARN__DUPLICATE_METHOD_MATCH = YES;
				COPY_PHASE_STRIP = NO;
				DEBUG_INFORMATION_FORMAT = dwarf;
				ENABLE_STRICT_OBJC_MSGSEND = YES;
				ENABLE_TESTABILITY = YES;
				ENABLE_USER_SCRIPT_SANDBOXING = YES;
				GCC_C_LANGUAGE_STANDARD = gnu17;
				GCC_DYNAMIC_NO_PIC = NO;
				GCC_NO_COMMON_BLOCKS = YES;
				GCC_OPTIMIZATION_LEVEL = 0;
				GCC_PREPROCESSOR_DEFINITIONS = (
					"DEBUG=1",
					"$(inherited)",
				);
				GCC_WARN_64_TO_32_BIT_CONVERSION = YES;
				GCC_WARN_ABOUT_RETURN_TYPE = YES_ERROR;
				GCC_WARN_UNDECLARED_SELECTOR = YES;
				GCC_WARN_UNINITIALIZED_AUTOS = YES_AGGRESSIVE;
				GCC_WARN_UNUSED_FUNCTION = YES;
				GCC_WARN_UNUSED_VARIABLE = YES;
				LOCALIZATION_PREFERS_STRING_CATALOGS = YES;
				MTL_ENABLE_DEBUG_INFO = INCLUDE_SOURCE;
				MTL_FAST_MATH = YES;
				ONLY_ACTIVE_ARCH = YES;
				SWIFT_ACTIVE_COMPILATION_CONDITIONS = "DEBUG $(inherited)";
				SWIFT_OPTIMIZATION_LEVEL = "-Onone";
			};
			name = Debug;
		};
		94E7BBA32D2A851B0056C38E /* Release */ = {
			isa = XCBuildConfiguration;
			buildSettings = {
				ALWAYS_SEARCH_USER_PATHS = NO;
				ASSETCATALOG_COMPILER_GENERATE_SWIFT_ASSET_SYMBOL_EXTENSIONS = YES;
				CLANG_ANALYZER_NONNULL = YES;
				CLANG_ANALYZER_NUMBER_OBJECT_CONVERSION = YES_AGGRESSIVE;
				CLANG_CXX_LANGUAGE_STANDARD = "gnu++20";
				CLANG_ENABLE_MODULES = YES;
				CLANG_ENABLE_OBJC_ARC = YES;
				CLANG_ENABLE_OBJC_WEAK = YES;
				CLANG_WARN_BLOCK_CAPTURE_AUTORELEASING = YES;
				CLANG_WARN_BOOL_CONVERSION = YES;
				CLANG_WARN_COMMA = YES;
				CLANG_WARN_CONSTANT_CONVERSION = YES;
				CLANG_WARN_DEPRECATED_OBJC_IMPLEMENTATIONS = YES;
				CLANG_WARN_DIRECT_OBJC_ISA_USAGE = YES_ERROR;
				CLANG_WARN_DOCUMENTATION_COMMENTS = YES;
				CLANG_WARN_EMPTY_BODY = YES;
				CLANG_WARN_ENUM_CONVERSION = YES;
				CLANG_WARN_INFINITE_RECURSION = YES;
				CLANG_WARN_INT_CONVERSION = YES;
				CLANG_WARN_NON_LITERAL_NULL_CONVERSION = YES;
				CLANG_WARN_OBJC_IMPLICIT_RETAIN_SELF = YES;
				CLANG_WARN_OBJC_LITERAL_CONVERSION = YES;
				CLANG_WARN_OBJC_ROOT_CLASS = YES_ERROR;
				CLANG_WARN_QUOTED_INCLUDE_IN_FRAMEWORK_HEADER = YES;
				CLANG_WARN_RANGE_LOOP_ANALYSIS = YES;
				CLANG_WARN_STRICT_PROTOTYPES = YES;
				CLANG_WARN_SUSPICIOUS_MOVE = YES;
				CLANG_WARN_UNGUARDED_AVAILABILITY = YES_AGGRESSIVE;
				CLANG_WARN_UNREACHABLE_CODE = YES;
				CLANG_WARN__DUPLICATE_METHOD_MATCH = YES;
				COPY_PHASE_STRIP = NO;
				DEBUG_INFORMATION_FORMAT = "dwarf-with-dsym";
				ENABLE_NS_ASSERTIONS = NO;
				ENABLE_STRICT_OBJC_MSGSEND = YES;
				ENABLE_USER_SCRIPT_SANDBOXING = YES;
				GCC_C_LANGUAGE_STANDARD = gnu17;
				GCC_NO_COMMON_BLOCKS = YES;
				GCC_WARN_64_TO_32_BIT_CONVERSION = YES;
				GCC_WARN_ABOUT_RETURN_TYPE = YES_ERROR;
				GCC_WARN_UNDECLARED_SELECTOR = YES;
				GCC_WARN_UNINITIALIZED_AUTOS = YES_AGGRESSIVE;
				GCC_WARN_UNUSED_FUNCTION = YES;
				GCC_WARN_UNUSED_VARIABLE = YES;
				LOCALIZATION_PREFERS_STRING_CATALOGS = YES;
				MTL_ENABLE_DEBUG_INFO = NO;
				MTL_FAST_MATH = YES;
				SWIFT_COMPILATION_MODE = wholemodule;
			};
			name = Release;
		};
		94E7BBA52D2A851B0056C38E /* Debug */ = {
			isa = XCBuildConfiguration;
			buildSettings = {
				ASSETCATALOG_COMPILER_APPICON_NAME = AppIcon;
				ASSETCATALOG_COMPILER_GLOBAL_ACCENT_COLOR_NAME = AccentColor;
				CODE_SIGN_STYLE = Automatic;
				CURRENT_PROJECT_VERSION = 1;
				DEVELOPMENT_ASSET_PATHS = "\"Notes Watch App/Preview Content\"";
				ENABLE_PREVIEWS = YES;
				GENERATE_INFOPLIST_FILE = YES;
				INFOPLIST_KEY_CFBundleDisplayName = Notes;
				INFOPLIST_KEY_UISupportedInterfaceOrientations = "UIInterfaceOrientationPortrait UIInterfaceOrientationPortraitUpsideDown";
				INFOPLIST_KEY_WKWatchOnly = YES;
				LD_RUNPATH_SEARCH_PATHS = (
					"$(inherited)",
					"@executable_path/Frameworks",
				);
				MARKETING_VERSION = 1.0;
				PRODUCT_BUNDLE_IDENTIFIER = com.scorp.Notes.watchkitapp;
				PRODUCT_NAME = "$(TARGET_NAME)";
				SDKROOT = watchos;
				SKIP_INSTALL = YES;
				SWIFT_EMIT_LOC_STRINGS = YES;
				SWIFT_VERSION = 5.0;
				TARGETED_DEVICE_FAMILY = 4;
				WATCHOS_DEPLOYMENT_TARGET = 11.2;
			};
			name = Debug;
		};
		94E7BBA62D2A851B0056C38E /* Release */ = {
			isa = XCBuildConfiguration;
			buildSettings = {
				ASSETCATALOG_COMPILER_APPICON_NAME = AppIcon;
				ASSETCATALOG_COMPILER_GLOBAL_ACCENT_COLOR_NAME = AccentColor;
				CODE_SIGN_STYLE = Automatic;
				CURRENT_PROJECT_VERSION = 1;
				DEVELOPMENT_ASSET_PATHS = "\"Notes Watch App/Preview Content\"";
				ENABLE_PREVIEWS = YES;
				GENERATE_INFOPLIST_FILE = YES;
				INFOPLIST_KEY_CFBundleDisplayName = Notes;
				INFOPLIST_KEY_UISupportedInterfaceOrientations = "UIInterfaceOrientationPortrait UIInterfaceOrientationPortraitUpsideDown";
				INFOPLIST_KEY_WKWatchOnly = YES;
				LD_RUNPATH_SEARCH_PATHS = (
					"$(inherited)",
					"@executable_path/Frameworks",
				);
				MARKETING_VERSION = 1.0;
				PRODUCT_BUNDLE_IDENTIFIER = com.scorp.Notes.watchkitapp;
				PRODUCT_NAME = "$(TARGET_NAME)";
				SDKROOT = watchos;
				SKIP_INSTALL = YES;
				SWIFT_EMIT_LOC_STRINGS = YES;
				SWIFT_VERSION = 5.0;
				TARGETED_DEVICE_FAMILY = 4;
				VALIDATE_PRODUCT = YES;
				WATCHOS_DEPLOYMENT_TARGET = 11.2;
			};
			name = Release;
		};
		94E7BBA92D2A851B0056C38E /* Debug */ = {
			isa = XCBuildConfiguration;
			buildSettings = {
				CODE_SIGN_STYLE = Automatic;
				CURRENT_PROJECT_VERSION = 1;
				INFOPLIST_KEY_CFBundleDisplayName = Notes;
				MARKETING_VERSION = 1.0;
				PRODUCT_BUNDLE_IDENTIFIER = com.scorp.Notes;
				PRODUCT_NAME = "$(TARGET_NAME)";
				SDKROOT = iphoneos;
				SWIFT_VERSION = 5.0;
			};
			name = Debug;
		};
		94E7BBAA2D2A851B0056C38E /* Release */ = {
			isa = XCBuildConfiguration;
			buildSettings = {
				CODE_SIGN_STYLE = Automatic;
				CURRENT_PROJECT_VERSION = 1;
				INFOPLIST_KEY_CFBundleDisplayName = Notes;
				MARKETING_VERSION = 1.0;
				PRODUCT_BUNDLE_IDENTIFIER = com.scorp.Notes;
				PRODUCT_NAME = "$(TARGET_NAME)";
				SDKROOT = iphoneos;
				SWIFT_VERSION = 5.0;
				VALIDATE_PRODUCT = YES;
			};
			name = Release;
		};
		94E7BBAC2D2A851B0056C38E /* Debug */ = {
			isa = XCBuildConfiguration;
			buildSettings = {
				BUNDLE_LOADER = "$(TEST_HOST)";
				CODE_SIGN_STYLE = Automatic;
				CURRENT_PROJECT_VERSION = 1;
				GENERATE_INFOPLIST_FILE = YES;
				MARKETING_VERSION = 1.0;
				PRODUCT_BUNDLE_IDENTIFIER = "com.scorp.Notes-Watch-AppTests";
				PRODUCT_NAME = "$(TARGET_NAME)";
				SDKROOT = watchos;
				SWIFT_EMIT_LOC_STRINGS = NO;
				SWIFT_VERSION = 5.0;
				TARGETED_DEVICE_FAMILY = 4;
				TEST_HOST = "$(BUILT_PRODUCTS_DIR)/Notes Watch App.app/$(BUNDLE_EXECUTABLE_FOLDER_PATH)/Notes Watch App";
				WATCHOS_DEPLOYMENT_TARGET = 11.2;
			};
			name = Debug;
		};
		94E7BBAD2D2A851B0056C38E /* Release */ = {
			isa = XCBuildConfiguration;
			buildSettings = {
				BUNDLE_LOADER = "$(TEST_HOST)";
				CODE_SIGN_STYLE = Automatic;
				CURRENT_PROJECT_VERSION = 1;
				GENERATE_INFOPLIST_FILE = YES;
				MARKETING_VERSION = 1.0;
				PRODUCT_BUNDLE_IDENTIFIER = "com.scorp.Notes-Watch-AppTests";
				PRODUCT_NAME = "$(TARGET_NAME)";
				SDKROOT = watchos;
				SWIFT_EMIT_LOC_STRINGS = NO;
				SWIFT_VERSION = 5.0;
				TARGETED_DEVICE_FAMILY = 4;
				TEST_HOST = "$(BUILT_PRODUCTS_DIR)/Notes Watch App.app/$(BUNDLE_EXECUTABLE_FOLDER_PATH)/Notes Watch App";
				VALIDATE_PRODUCT = YES;
				WATCHOS_DEPLOYMENT_TARGET = 11.2;
			};
			name = Release;
		};
		94E7BBAF2D2A851B0056C38E /* Debug */ = {
			isa = XCBuildConfiguration;
			buildSettings = {
				CODE_SIGN_STYLE = Automatic;
				CURRENT_PROJECT_VERSION = 1;
				GENERATE_INFOPLIST_FILE = YES;
				MARKETING_VERSION = 1.0;
				PRODUCT_BUNDLE_IDENTIFIER = "com.scorp.Notes-Watch-AppUITests";
				PRODUCT_NAME = "$(TARGET_NAME)";
				SDKROOT = watchos;
				SWIFT_EMIT_LOC_STRINGS = NO;
				SWIFT_VERSION = 5.0;
				TARGETED_DEVICE_FAMILY = 4;
				TEST_TARGET_NAME = "Notes Watch App";
				WATCHOS_DEPLOYMENT_TARGET = 11.2;
			};
			name = Debug;
		};
		94E7BBB02D2A851B0056C38E /* Release */ = {
			isa = XCBuildConfiguration;
			buildSettings = {
				CODE_SIGN_STYLE = Automatic;
				CURRENT_PROJECT_VERSION = 1;
				GENERATE_INFOPLIST_FILE = YES;
				MARKETING_VERSION = 1.0;
				PRODUCT_BUNDLE_IDENTIFIER = "com.scorp.Notes-Watch-AppUITests";
				PRODUCT_NAME = "$(TARGET_NAME)";
				SDKROOT = watchos;
				SWIFT_EMIT_LOC_STRINGS = NO;
				SWIFT_VERSION = 5.0;
				TARGETED_DEVICE_FAMILY = 4;
				TEST_TARGET_NAME = "Notes Watch App";
				VALIDATE_PRODUCT = YES;
				WATCHOS_DEPLOYMENT_TARGET = 11.2;
			};
			name = Release;
		};
/* End XCBuildConfiguration section */

/* Begin XCConfigurationList section */
		94E7BB752D2A851A0056C38E /* Build configuration list for PBXProject "Notes" */ = {
			isa = XCConfigurationList;
			buildConfigurations = (
				94E7BBA22D2A851B0056C38E /* Debug */,
				94E7BBA32D2A851B0056C38E /* Release */,
			);
			defaultConfigurationIsVisible = 0;
			defaultConfigurationName = Release;
		};
		94E7BBA42D2A851B0056C38E /* Build configuration list for PBXNativeTarget "Notes Watch App" */ = {
			isa = XCConfigurationList;
			buildConfigurations = (
				94E7BBA52D2A851B0056C38E /* Debug */,
				94E7BBA62D2A851B0056C38E /* Release */,
			);
			defaultConfigurationIsVisible = 0;
			defaultConfigurationName = Release;
		};
		94E7BBA82D2A851B0056C38E /* Build configuration list for PBXNativeTarget "Notes" */ = {
			isa = XCConfigurationList;
			buildConfigurations = (
				94E7BBA92D2A851B0056C38E /* Debug */,
				94E7BBAA2D2A851B0056C38E /* Release */,
			);
			defaultConfigurationIsVisible = 0;
			defaultConfigurationName = Release;
		};
		94E7BBAB2D2A851B0056C38E /* Build configuration list for PBXNativeTarget "Notes Watch AppTests" */ = {
			isa = XCConfigurationList;
			buildConfigurations = (
				94E7BBAC2D2A851B0056C38E /* Debug */,
				94E7BBAD2D2A851B0056C38E /* Release */,
			);
			defaultConfigurationIsVisible = 0;
			defaultConfigurationName = Release;
		};
		94E7BBAE2D2A851B0056C38E /* Build configuration list for PBXNativeTarget "Notes Watch AppUITests" */ = {
			isa = XCConfigurationList;
			buildConfigurations = (
				94E7BBAF2D2A851B0056C38E /* Debug */,
				94E7BBB02D2A851B0056C38E /* Release */,
			);
			defaultConfigurationIsVisible = 0;
			defaultConfigurationName = Release;
		};
/* End XCConfigurationList section */
	};
	rootObject = 94E7BB722D2A851A0056C38E /* Project object */;
}
